github.com/gonutz/w32/v2 v2.12.1 h1:ZTWg6ZlETDfWK1Qxx+rdWQdQWZwfhiXoyvxzFYdgsUY=
github.com/gonutz/w32/v2 v2.12.1/go.mod h1:MgtHx0AScDVNKyB+kjyPder4xIi3XAcHS6LDDU2DmdE=
github.com/jezek/xgb v1.2.0 h1:LzgkD11wOrPnxXEqo588cnjUt4NwMHrFh/tgajo50Q0=
github.com/jezek/xgb v1.2.0/go.mod h1:nrhwO0FX/enq75I7Y7G8iN1ubpSGZEiA3v9e9GyRFlk=
