github.com/gonutz/w32/v2 v2.12.0 h1:FYzNsf7Ej54Vq9q0AXAX+lA0F85i1rm2la2aYrU/168=
github.com/gonutz/w32/v2 v2.12.0/go.mod h1:MgtHx0AScDVNKyB+kjyPder4xIi3XAcHS6LDDU2DmdE=
github.com/jezek/xgb v1.1.1 h1:bE/r8ZZtSv7l9gk6nU0mYx51aXrvnyb44892TwSaqS4=
github.com/jezek/xgb v1.1.1/go.mod h1:nrhwO0FX/enq75I7Y7G8iN1ubpSGZEiA3v9e9GyRFlk=
